
Microsoft Visual Studio Solution File, Format Version 12.00
# Visual Studio 15
VisualStudioVersion = 15.0.27428.2043
MinimumVisualStudioVersion = 10.0.40219.1
Project("{FAE04EC0-301F-11D3-BF4B-00C04F79EFBC}") = "XFormsOfflineSync.Android", "XFormsOfflineSync\XFormsOfflineSync.Android\XFormsOfflineSync.Android.csproj", "{F2C5CA2E-626E-4F8C-B57E-47A733E60AFE}"
EndProject
Project("{FAE04EC0-301F-11D3-BF4B-00C04F79EFBC}") = "XFormsOfflineSync.iOS", "XFormsOfflineSync\XFormsOfflineSync.iOS\XFormsOfflineSync.iOS.csproj", "{060DE40B-DF03-4FFA-A05D-4DB9990DFC66}"
EndProject
Project("{FAE04EC0-301F-11D3-BF4B-00C04F79EFBC}") = "XFormsOfflineSync.UWP", "XFormsOfflineSync\XFormsOfflineSync.UWP\XFormsOfflineSync.UWP.csproj", "{D4354E56-1200-45D1-90C1-3CCF1F63A3C3}"
EndProject
Project("{9A19103F-16F7-4668-BE54-9A1E7A4F7556}") = "XFormsOfflineSync", "XFormsOfflineSync\XFormsOfflineSync\XFormsOfflineSync.csproj", "{66342008-FEB1-4278-B4D2-40912F3B1124}"
EndProject
Project("{FAE04EC0-301F-11D3-BF4B-00C04F79EFBC}") = "XFormsOfflineSync.UWP.Background", "XFormsOfflineSync.UWP.Background\XFormsOfflineSync.UWP.Background.csproj", "{00CC5B6C-5ABA-4E26-B69C-C37BCBE4878A}"
EndProject
Global
	GlobalSection(SolutionConfigurationPlatforms) = preSolution
		Ad-Hoc|Any CPU = Ad-Hoc|Any CPU
		Ad-Hoc|ARM = Ad-Hoc|ARM
		Ad-Hoc|iPhone = Ad-Hoc|iPhone
		Ad-Hoc|iPhoneSimulator = Ad-Hoc|iPhoneSimulator
		Ad-Hoc|x64 = Ad-Hoc|x64
		Ad-Hoc|x86 = Ad-Hoc|x86
		AppStore|Any CPU = AppStore|Any CPU
		AppStore|ARM = AppStore|ARM
		AppStore|iPhone = AppStore|iPhone
		AppStore|iPhoneSimulator = AppStore|iPhoneSimulator
		AppStore|x64 = AppStore|x64
		AppStore|x86 = AppStore|x86
		Debug|Any CPU = Debug|Any CPU
		Debug|ARM = Debug|ARM
		Debug|iPhone = Debug|iPhone
		Debug|iPhoneSimulator = Debug|iPhoneSimulator
		Debug|x64 = Debug|x64
		Debug|x86 = Debug|x86
		Release|Any CPU = Release|Any CPU
		Release|ARM = Release|ARM
		Release|iPhone = Release|iPhone
		Release|iPhoneSimulator = Release|iPhoneSimulator
		Release|x64 = Release|x64
		Release|x86 = Release|x86
	EndGlobalSection
	GlobalSection(ProjectConfigurationPlatforms) = postSolution
		{F2C5CA2E-626E-4F8C-B57E-47A733E60AFE}.Ad-Hoc|Any CPU.ActiveCfg = Release|Any CPU
		{F2C5CA2E-626E-4F8C-B57E-47A733E60AFE}.Ad-Hoc|Any CPU.Build.0 = Release|Any CPU
		{F2C5CA2E-626E-4F8C-B57E-47A733E60AFE}.Ad-Hoc|Any CPU.Deploy.0 = Release|Any CPU
		{F2C5CA2E-626E-4F8C-B57E-47A733E60AFE}.Ad-Hoc|ARM.ActiveCfg = Release|Any CPU
		{F2C5CA2E-626E-4F8C-B57E-47A733E60AFE}.Ad-Hoc|ARM.Build.0 = Release|Any CPU
		{F2C5CA2E-626E-4F8C-B57E-47A733E60AFE}.Ad-Hoc|ARM.Deploy.0 = Release|Any CPU
		{F2C5CA2E-626E-4F8C-B57E-47A733E60AFE}.Ad-Hoc|iPhone.ActiveCfg = Release|Any CPU
		{F2C5CA2E-626E-4F8C-B57E-47A733E60AFE}.Ad-Hoc|iPhone.Build.0 = Release|Any CPU
		{F2C5CA2E-626E-4F8C-B57E-47A733E60AFE}.Ad-Hoc|iPhone.Deploy.0 = Release|Any CPU
		{F2C5CA2E-626E-4F8C-B57E-47A733E60AFE}.Ad-Hoc|iPhoneSimulator.ActiveCfg = Release|Any CPU
		{F2C5CA2E-626E-4F8C-B57E-47A733E60AFE}.Ad-Hoc|iPhoneSimulator.Build.0 = Release|Any CPU
		{F2C5CA2E-626E-4F8C-B57E-47A733E60AFE}.Ad-Hoc|iPhoneSimulator.Deploy.0 = Release|Any CPU
		{F2C5CA2E-626E-4F8C-B57E-47A733E60AFE}.Ad-Hoc|x64.ActiveCfg = Release|Any CPU
		{F2C5CA2E-626E-4F8C-B57E-47A733E60AFE}.Ad-Hoc|x64.Build.0 = Release|Any CPU
		{F2C5CA2E-626E-4F8C-B57E-47A733E60AFE}.Ad-Hoc|x64.Deploy.0 = Release|Any CPU
		{F2C5CA2E-626E-4F8C-B57E-47A733E60AFE}.Ad-Hoc|x86.ActiveCfg = Release|Any CPU
		{F2C5CA2E-626E-4F8C-B57E-47A733E60AFE}.Ad-Hoc|x86.Build.0 = Release|Any CPU
		{F2C5CA2E-626E-4F8C-B57E-47A733E60AFE}.Ad-Hoc|x86.Deploy.0 = Release|Any CPU
		{F2C5CA2E-626E-4F8C-B57E-47A733E60AFE}.AppStore|Any CPU.ActiveCfg = Release|Any CPU
		{F2C5CA2E-626E-4F8C-B57E-47A733E60AFE}.AppStore|Any CPU.Build.0 = Release|Any CPU
		{F2C5CA2E-626E-4F8C-B57E-47A733E60AFE}.AppStore|Any CPU.Deploy.0 = Release|Any CPU
		{F2C5CA2E-626E-4F8C-B57E-47A733E60AFE}.AppStore|ARM.ActiveCfg = Release|Any CPU
		{F2C5CA2E-626E-4F8C-B57E-47A733E60AFE}.AppStore|ARM.Build.0 = Release|Any CPU
		{F2C5CA2E-626E-4F8C-B57E-47A733E60AFE}.AppStore|ARM.Deploy.0 = Release|Any CPU
		{F2C5CA2E-626E-4F8C-B57E-47A733E60AFE}.AppStore|iPhone.ActiveCfg = Release|Any CPU
		{F2C5CA2E-626E-4F8C-B57E-47A733E60AFE}.AppStore|iPhone.Build.0 = Release|Any CPU
		{F2C5CA2E-626E-4F8C-B57E-47A733E60AFE}.AppStore|iPhone.Deploy.0 = Release|Any CPU
		{F2C5CA2E-626E-4F8C-B57E-47A733E60AFE}.AppStore|iPhoneSimulator.ActiveCfg = Release|Any CPU
		{F2C5CA2E-626E-4F8C-B57E-47A733E60AFE}.AppStore|iPhoneSimulator.Build.0 = Release|Any CPU
		{F2C5CA2E-626E-4F8C-B57E-47A733E60AFE}.AppStore|iPhoneSimulator.Deploy.0 = Release|Any CPU
		{F2C5CA2E-626E-4F8C-B57E-47A733E60AFE}.AppStore|x64.ActiveCfg = Release|Any CPU
		{F2C5CA2E-626E-4F8C-B57E-47A733E60AFE}.AppStore|x64.Build.0 = Release|Any CPU
		{F2C5CA2E-626E-4F8C-B57E-47A733E60AFE}.AppStore|x64.Deploy.0 = Release|Any CPU
		{F2C5CA2E-626E-4F8C-B57E-47A733E60AFE}.AppStore|x86.ActiveCfg = Release|Any CPU
		{F2C5CA2E-626E-4F8C-B57E-47A733E60AFE}.AppStore|x86.Build.0 = Release|Any CPU
		{F2C5CA2E-626E-4F8C-B57E-47A733E60AFE}.AppStore|x86.Deploy.0 = Release|Any CPU
		{F2C5CA2E-626E-4F8C-B57E-47A733E60AFE}.Debug|Any CPU.ActiveCfg = Debug|Any CPU
		{F2C5CA2E-626E-4F8C-B57E-47A733E60AFE}.Debug|ARM.ActiveCfg = Debug|Any CPU
		{F2C5CA2E-626E-4F8C-B57E-47A733E60AFE}.Debug|ARM.Build.0 = Debug|Any CPU
		{F2C5CA2E-626E-4F8C-B57E-47A733E60AFE}.Debug|ARM.Deploy.0 = Debug|Any CPU
		{F2C5CA2E-626E-4F8C-B57E-47A733E60AFE}.Debug|iPhone.ActiveCfg = Debug|Any CPU
		{F2C5CA2E-626E-4F8C-B57E-47A733E60AFE}.Debug|iPhone.Build.0 = Debug|Any CPU
		{F2C5CA2E-626E-4F8C-B57E-47A733E60AFE}.Debug|iPhone.Deploy.0 = Debug|Any CPU
		{F2C5CA2E-626E-4F8C-B57E-47A733E60AFE}.Debug|iPhoneSimulator.ActiveCfg = Debug|Any CPU
		{F2C5CA2E-626E-4F8C-B57E-47A733E60AFE}.Debug|iPhoneSimulator.Build.0 = Debug|Any CPU
		{F2C5CA2E-626E-4F8C-B57E-47A733E60AFE}.Debug|iPhoneSimulator.Deploy.0 = Debug|Any CPU
		{F2C5CA2E-626E-4F8C-B57E-47A733E60AFE}.Debug|x64.ActiveCfg = Debug|Any CPU
		{F2C5CA2E-626E-4F8C-B57E-47A733E60AFE}.Debug|x64.Build.0 = Debug|Any CPU
		{F2C5CA2E-626E-4F8C-B57E-47A733E60AFE}.Debug|x64.Deploy.0 = Debug|Any CPU
		{F2C5CA2E-626E-4F8C-B57E-47A733E60AFE}.Debug|x86.ActiveCfg = Debug|Any CPU
		{F2C5CA2E-626E-4F8C-B57E-47A733E60AFE}.Debug|x86.Build.0 = Debug|Any CPU
		{F2C5CA2E-626E-4F8C-B57E-47A733E60AFE}.Debug|x86.Deploy.0 = Debug|Any CPU
		{F2C5CA2E-626E-4F8C-B57E-47A733E60AFE}.Release|Any CPU.ActiveCfg = Release|Any CPU
		{F2C5CA2E-626E-4F8C-B57E-47A733E60AFE}.Release|Any CPU.Build.0 = Release|Any CPU
		{F2C5CA2E-626E-4F8C-B57E-47A733E60AFE}.Release|Any CPU.Deploy.0 = Release|Any CPU
		{F2C5CA2E-626E-4F8C-B57E-47A733E60AFE}.Release|ARM.ActiveCfg = Release|Any CPU
		{F2C5CA2E-626E-4F8C-B57E-47A733E60AFE}.Release|ARM.Build.0 = Release|Any CPU
		{F2C5CA2E-626E-4F8C-B57E-47A733E60AFE}.Release|ARM.Deploy.0 = Release|Any CPU
		{F2C5CA2E-626E-4F8C-B57E-47A733E60AFE}.Release|iPhone.ActiveCfg = Release|Any CPU
		{F2C5CA2E-626E-4F8C-B57E-47A733E60AFE}.Release|iPhone.Build.0 = Release|Any CPU
		{F2C5CA2E-626E-4F8C-B57E-47A733E60AFE}.Release|iPhone.Deploy.0 = Release|Any CPU
		{F2C5CA2E-626E-4F8C-B57E-47A733E60AFE}.Release|iPhoneSimulator.ActiveCfg = Release|Any CPU
		{F2C5CA2E-626E-4F8C-B57E-47A733E60AFE}.Release|iPhoneSimulator.Build.0 = Release|Any CPU
		{F2C5CA2E-626E-4F8C-B57E-47A733E60AFE}.Release|iPhoneSimulator.Deploy.0 = Release|Any CPU
		{F2C5CA2E-626E-4F8C-B57E-47A733E60AFE}.Release|x64.ActiveCfg = Release|Any CPU
		{F2C5CA2E-626E-4F8C-B57E-47A733E60AFE}.Release|x64.Build.0 = Release|Any CPU
		{F2C5CA2E-626E-4F8C-B57E-47A733E60AFE}.Release|x64.Deploy.0 = Release|Any CPU
		{F2C5CA2E-626E-4F8C-B57E-47A733E60AFE}.Release|x86.ActiveCfg = Release|Any CPU
		{F2C5CA2E-626E-4F8C-B57E-47A733E60AFE}.Release|x86.Build.0 = Release|Any CPU
		{F2C5CA2E-626E-4F8C-B57E-47A733E60AFE}.Release|x86.Deploy.0 = Release|Any CPU
		{060DE40B-DF03-4FFA-A05D-4DB9990DFC66}.Ad-Hoc|Any CPU.ActiveCfg = Ad-Hoc|iPhone
		{060DE40B-DF03-4FFA-A05D-4DB9990DFC66}.Ad-Hoc|ARM.ActiveCfg = Ad-Hoc|iPhone
		{060DE40B-DF03-4FFA-A05D-4DB9990DFC66}.Ad-Hoc|iPhone.ActiveCfg = Ad-Hoc|iPhone
		{060DE40B-DF03-4FFA-A05D-4DB9990DFC66}.Ad-Hoc|iPhone.Build.0 = Ad-Hoc|iPhone
		{060DE40B-DF03-4FFA-A05D-4DB9990DFC66}.Ad-Hoc|iPhoneSimulator.ActiveCfg = Ad-Hoc|iPhoneSimulator
		{060DE40B-DF03-4FFA-A05D-4DB9990DFC66}.Ad-Hoc|iPhoneSimulator.Build.0 = Ad-Hoc|iPhoneSimulator
		{060DE40B-DF03-4FFA-A05D-4DB9990DFC66}.Ad-Hoc|x64.ActiveCfg = Ad-Hoc|iPhone
		{060DE40B-DF03-4FFA-A05D-4DB9990DFC66}.Ad-Hoc|x86.ActiveCfg = Ad-Hoc|iPhone
		{060DE40B-DF03-4FFA-A05D-4DB9990DFC66}.AppStore|Any CPU.ActiveCfg = AppStore|iPhone
		{060DE40B-DF03-4FFA-A05D-4DB9990DFC66}.AppStore|ARM.ActiveCfg = AppStore|iPhone
		{060DE40B-DF03-4FFA-A05D-4DB9990DFC66}.AppStore|iPhone.ActiveCfg = AppStore|iPhone
		{060DE40B-DF03-4FFA-A05D-4DB9990DFC66}.AppStore|iPhone.Build.0 = AppStore|iPhone
		{060DE40B-DF03-4FFA-A05D-4DB9990DFC66}.AppStore|iPhoneSimulator.ActiveCfg = AppStore|iPhoneSimulator
		{060DE40B-DF03-4FFA-A05D-4DB9990DFC66}.AppStore|iPhoneSimulator.Build.0 = AppStore|iPhoneSimulator
		{060DE40B-DF03-4FFA-A05D-4DB9990DFC66}.AppStore|x64.ActiveCfg = AppStore|iPhone
		{060DE40B-DF03-4FFA-A05D-4DB9990DFC66}.AppStore|x86.ActiveCfg = AppStore|iPhone
		{060DE40B-DF03-4FFA-A05D-4DB9990DFC66}.Debug|Any CPU.ActiveCfg = Debug|iPhone
		{060DE40B-DF03-4FFA-A05D-4DB9990DFC66}.Debug|ARM.ActiveCfg = Debug|iPhone
		{060DE40B-DF03-4FFA-A05D-4DB9990DFC66}.Debug|iPhone.ActiveCfg = Debug|iPhone
		{060DE40B-DF03-4FFA-A05D-4DB9990DFC66}.Debug|iPhone.Build.0 = Debug|iPhone
		{060DE40B-DF03-4FFA-A05D-4DB9990DFC66}.Debug|iPhoneSimulator.ActiveCfg = Debug|iPhoneSimulator
		{060DE40B-DF03-4FFA-A05D-4DB9990DFC66}.Debug|iPhoneSimulator.Build.0 = Debug|iPhoneSimulator
		{060DE40B-DF03-4FFA-A05D-4DB9990DFC66}.Debug|x64.ActiveCfg = Debug|iPhone
		{060DE40B-DF03-4FFA-A05D-4DB9990DFC66}.Debug|x86.ActiveCfg = Debug|iPhone
		{060DE40B-DF03-4FFA-A05D-4DB9990DFC66}.Release|Any CPU.ActiveCfg = Release|iPhone
		{060DE40B-DF03-4FFA-A05D-4DB9990DFC66}.Release|ARM.ActiveCfg = Release|iPhone
		{060DE40B-DF03-4FFA-A05D-4DB9990DFC66}.Release|iPhone.ActiveCfg = Release|iPhone
		{060DE40B-DF03-4FFA-A05D-4DB9990DFC66}.Release|iPhone.Build.0 = Release|iPhone
		{060DE40B-DF03-4FFA-A05D-4DB9990DFC66}.Release|iPhoneSimulator.ActiveCfg = Release|iPhoneSimulator
		{060DE40B-DF03-4FFA-A05D-4DB9990DFC66}.Release|iPhoneSimulator.Build.0 = Release|iPhoneSimulator
		{060DE40B-DF03-4FFA-A05D-4DB9990DFC66}.Release|x64.ActiveCfg = Release|iPhone
		{060DE40B-DF03-4FFA-A05D-4DB9990DFC66}.Release|x86.ActiveCfg = Release|iPhone
		{D4354E56-1200-45D1-90C1-3CCF1F63A3C3}.Ad-Hoc|Any CPU.ActiveCfg = Release|x86
		{D4354E56-1200-45D1-90C1-3CCF1F63A3C3}.Ad-Hoc|Any CPU.Build.0 = Release|x86
		{D4354E56-1200-45D1-90C1-3CCF1F63A3C3}.Ad-Hoc|Any CPU.Deploy.0 = Release|x86
		{D4354E56-1200-45D1-90C1-3CCF1F63A3C3}.Ad-Hoc|ARM.ActiveCfg = Release|ARM
		{D4354E56-1200-45D1-90C1-3CCF1F63A3C3}.Ad-Hoc|ARM.Build.0 = Release|ARM
		{D4354E56-1200-45D1-90C1-3CCF1F63A3C3}.Ad-Hoc|ARM.Deploy.0 = Release|ARM
		{D4354E56-1200-45D1-90C1-3CCF1F63A3C3}.Ad-Hoc|iPhone.ActiveCfg = Release|x86
		{D4354E56-1200-45D1-90C1-3CCF1F63A3C3}.Ad-Hoc|iPhone.Build.0 = Release|x86
		{D4354E56-1200-45D1-90C1-3CCF1F63A3C3}.Ad-Hoc|iPhone.Deploy.0 = Release|x86
		{D4354E56-1200-45D1-90C1-3CCF1F63A3C3}.Ad-Hoc|iPhoneSimulator.ActiveCfg = Release|x86
		{D4354E56-1200-45D1-90C1-3CCF1F63A3C3}.Ad-Hoc|iPhoneSimulator.Build.0 = Release|x86
		{D4354E56-1200-45D1-90C1-3CCF1F63A3C3}.Ad-Hoc|iPhoneSimulator.Deploy.0 = Release|x86
		{D4354E56-1200-45D1-90C1-3CCF1F63A3C3}.Ad-Hoc|x64.ActiveCfg = Release|x64
		{D4354E56-1200-45D1-90C1-3CCF1F63A3C3}.Ad-Hoc|x64.Build.0 = Release|x64
		{D4354E56-1200-45D1-90C1-3CCF1F63A3C3}.Ad-Hoc|x64.Deploy.0 = Release|x64
		{D4354E56-1200-45D1-90C1-3CCF1F63A3C3}.Ad-Hoc|x86.ActiveCfg = Release|x86
		{D4354E56-1200-45D1-90C1-3CCF1F63A3C3}.Ad-Hoc|x86.Build.0 = Release|x86
		{D4354E56-1200-45D1-90C1-3CCF1F63A3C3}.Ad-Hoc|x86.Deploy.0 = Release|x86
		{D4354E56-1200-45D1-90C1-3CCF1F63A3C3}.AppStore|Any CPU.ActiveCfg = Release|x86
		{D4354E56-1200-45D1-90C1-3CCF1F63A3C3}.AppStore|Any CPU.Build.0 = Release|x86
		{D4354E56-1200-45D1-90C1-3CCF1F63A3C3}.AppStore|Any CPU.Deploy.0 = Release|x86
		{D4354E56-1200-45D1-90C1-3CCF1F63A3C3}.AppStore|ARM.ActiveCfg = Release|ARM
		{D4354E56-1200-45D1-90C1-3CCF1F63A3C3}.AppStore|ARM.Build.0 = Release|ARM
		{D4354E56-1200-45D1-90C1-3CCF1F63A3C3}.AppStore|ARM.Deploy.0 = Release|ARM
		{D4354E56-1200-45D1-90C1-3CCF1F63A3C3}.AppStore|iPhone.ActiveCfg = Release|x86
		{D4354E56-1200-45D1-90C1-3CCF1F63A3C3}.AppStore|iPhone.Build.0 = Release|x86
		{D4354E56-1200-45D1-90C1-3CCF1F63A3C3}.AppStore|iPhone.Deploy.0 = Release|x86
		{D4354E56-1200-45D1-90C1-3CCF1F63A3C3}.AppStore|iPhoneSimulator.ActiveCfg = Release|x86
		{D4354E56-1200-45D1-90C1-3CCF1F63A3C3}.AppStore|iPhoneSimulator.Build.0 = Release|x86
		{D4354E56-1200-45D1-90C1-3CCF1F63A3C3}.AppStore|iPhoneSimulator.Deploy.0 = Release|x86
		{D4354E56-1200-45D1-90C1-3CCF1F63A3C3}.AppStore|x64.ActiveCfg = Release|x64
		{D4354E56-1200-45D1-90C1-3CCF1F63A3C3}.AppStore|x64.Build.0 = Release|x64
		{D4354E56-1200-45D1-90C1-3CCF1F63A3C3}.AppStore|x64.Deploy.0 = Release|x64
		{D4354E56-1200-45D1-90C1-3CCF1F63A3C3}.AppStore|x86.ActiveCfg = Release|x86
		{D4354E56-1200-45D1-90C1-3CCF1F63A3C3}.AppStore|x86.Build.0 = Release|x86
		{D4354E56-1200-45D1-90C1-3CCF1F63A3C3}.AppStore|x86.Deploy.0 = Release|x86
		{D4354E56-1200-45D1-90C1-3CCF1F63A3C3}.Debug|Any CPU.ActiveCfg = Debug|x86
		{D4354E56-1200-45D1-90C1-3CCF1F63A3C3}.Debug|Any CPU.Build.0 = Debug|x86
		{D4354E56-1200-45D1-90C1-3CCF1F63A3C3}.Debug|Any CPU.Deploy.0 = Debug|x86
		{D4354E56-1200-45D1-90C1-3CCF1F63A3C3}.Debug|ARM.ActiveCfg = Debug|ARM
		{D4354E56-1200-45D1-90C1-3CCF1F63A3C3}.Debug|ARM.Build.0 = Debug|ARM
		{D4354E56-1200-45D1-90C1-3CCF1F63A3C3}.Debug|ARM.Deploy.0 = Debug|ARM
		{D4354E56-1200-45D1-90C1-3CCF1F63A3C3}.Debug|iPhone.ActiveCfg = Debug|x86
		{D4354E56-1200-45D1-90C1-3CCF1F63A3C3}.Debug|iPhoneSimulator.ActiveCfg = Debug|x86
		{D4354E56-1200-45D1-90C1-3CCF1F63A3C3}.Debug|x64.ActiveCfg = Debug|x64
		{D4354E56-1200-45D1-90C1-3CCF1F63A3C3}.Debug|x64.Build.0 = Debug|x64
		{D4354E56-1200-45D1-90C1-3CCF1F63A3C3}.Debug|x64.Deploy.0 = Debug|x64
		{D4354E56-1200-45D1-90C1-3CCF1F63A3C3}.Debug|x86.ActiveCfg = Debug|x86
		{D4354E56-1200-45D1-90C1-3CCF1F63A3C3}.Debug|x86.Build.0 = Debug|x86
		{D4354E56-1200-45D1-90C1-3CCF1F63A3C3}.Debug|x86.Deploy.0 = Debug|x86
		{D4354E56-1200-45D1-90C1-3CCF1F63A3C3}.Release|Any CPU.ActiveCfg = Release|x86
		{D4354E56-1200-45D1-90C1-3CCF1F63A3C3}.Release|ARM.ActiveCfg = Release|ARM
		{D4354E56-1200-45D1-90C1-3CCF1F63A3C3}.Release|ARM.Build.0 = Release|ARM
		{D4354E56-1200-45D1-90C1-3CCF1F63A3C3}.Release|ARM.Deploy.0 = Release|ARM
		{D4354E56-1200-45D1-90C1-3CCF1F63A3C3}.Release|iPhone.ActiveCfg = Release|x86
		{D4354E56-1200-45D1-90C1-3CCF1F63A3C3}.Release|iPhoneSimulator.ActiveCfg = Release|x86
		{D4354E56-1200-45D1-90C1-3CCF1F63A3C3}.Release|x64.ActiveCfg = Release|x64
		{D4354E56-1200-45D1-90C1-3CCF1F63A3C3}.Release|x64.Build.0 = Release|x64
		{D4354E56-1200-45D1-90C1-3CCF1F63A3C3}.Release|x64.Deploy.0 = Release|x64
		{D4354E56-1200-45D1-90C1-3CCF1F63A3C3}.Release|x86.ActiveCfg = Release|x86
		{D4354E56-1200-45D1-90C1-3CCF1F63A3C3}.Release|x86.Build.0 = Release|x86
		{D4354E56-1200-45D1-90C1-3CCF1F63A3C3}.Release|x86.Deploy.0 = Release|x86
		{66342008-FEB1-4278-B4D2-40912F3B1124}.Ad-Hoc|Any CPU.ActiveCfg = Debug|Any CPU
		{66342008-FEB1-4278-B4D2-40912F3B1124}.Ad-Hoc|Any CPU.Build.0 = Debug|Any CPU
		{66342008-FEB1-4278-B4D2-40912F3B1124}.Ad-Hoc|ARM.ActiveCfg = Debug|Any CPU
		{66342008-FEB1-4278-B4D2-40912F3B1124}.Ad-Hoc|ARM.Build.0 = Debug|Any CPU
		{66342008-FEB1-4278-B4D2-40912F3B1124}.Ad-Hoc|iPhone.ActiveCfg = Debug|Any CPU
		{66342008-FEB1-4278-B4D2-40912F3B1124}.Ad-Hoc|iPhone.Build.0 = Debug|Any CPU
		{66342008-FEB1-4278-B4D2-40912F3B1124}.Ad-Hoc|iPhoneSimulator.ActiveCfg = Debug|Any CPU
		{66342008-FEB1-4278-B4D2-40912F3B1124}.Ad-Hoc|iPhoneSimulator.Build.0 = Debug|Any CPU
		{66342008-FEB1-4278-B4D2-40912F3B1124}.Ad-Hoc|x64.ActiveCfg = Debug|Any CPU
		{66342008-FEB1-4278-B4D2-40912F3B1124}.Ad-Hoc|x64.Build.0 = Debug|Any CPU
		{66342008-FEB1-4278-B4D2-40912F3B1124}.Ad-Hoc|x86.ActiveCfg = Debug|Any CPU
		{66342008-FEB1-4278-B4D2-40912F3B1124}.Ad-Hoc|x86.Build.0 = Debug|Any CPU
		{66342008-FEB1-4278-B4D2-40912F3B1124}.AppStore|Any CPU.ActiveCfg = Debug|Any CPU
		{66342008-FEB1-4278-B4D2-40912F3B1124}.AppStore|Any CPU.Build.0 = Debug|Any CPU
		{66342008-FEB1-4278-B4D2-40912F3B1124}.AppStore|ARM.ActiveCfg = Debug|Any CPU
		{66342008-FEB1-4278-B4D2-40912F3B1124}.AppStore|ARM.Build.0 = Debug|Any CPU
		{66342008-FEB1-4278-B4D2-40912F3B1124}.AppStore|iPhone.ActiveCfg = Debug|Any CPU
		{66342008-FEB1-4278-B4D2-40912F3B1124}.AppStore|iPhone.Build.0 = Debug|Any CPU
		{66342008-FEB1-4278-B4D2-40912F3B1124}.AppStore|iPhoneSimulator.ActiveCfg = Debug|Any CPU
		{66342008-FEB1-4278-B4D2-40912F3B1124}.AppStore|iPhoneSimulator.Build.0 = Debug|Any CPU
		{66342008-FEB1-4278-B4D2-40912F3B1124}.AppStore|x64.ActiveCfg = Debug|Any CPU
		{66342008-FEB1-4278-B4D2-40912F3B1124}.AppStore|x64.Build.0 = Debug|Any CPU
		{66342008-FEB1-4278-B4D2-40912F3B1124}.AppStore|x86.ActiveCfg = Debug|Any CPU
		{66342008-FEB1-4278-B4D2-40912F3B1124}.AppStore|x86.Build.0 = Debug|Any CPU
		{66342008-FEB1-4278-B4D2-40912F3B1124}.Debug|Any CPU.ActiveCfg = Debug|Any CPU
		{66342008-FEB1-4278-B4D2-40912F3B1124}.Debug|Any CPU.Build.0 = Debug|Any CPU
		{66342008-FEB1-4278-B4D2-40912F3B1124}.Debug|ARM.ActiveCfg = Debug|Any CPU
		{66342008-FEB1-4278-B4D2-40912F3B1124}.Debug|ARM.Build.0 = Debug|Any CPU
		{66342008-FEB1-4278-B4D2-40912F3B1124}.Debug|iPhone.ActiveCfg = Debug|Any CPU
		{66342008-FEB1-4278-B4D2-40912F3B1124}.Debug|iPhone.Build.0 = Debug|Any CPU
		{66342008-FEB1-4278-B4D2-40912F3B1124}.Debug|iPhoneSimulator.ActiveCfg = Debug|Any CPU
		{66342008-FEB1-4278-B4D2-40912F3B1124}.Debug|iPhoneSimulator.Build.0 = Debug|Any CPU
		{66342008-FEB1-4278-B4D2-40912F3B1124}.Debug|x64.ActiveCfg = Debug|Any CPU
		{66342008-FEB1-4278-B4D2-40912F3B1124}.Debug|x64.Build.0 = Debug|Any CPU
		{66342008-FEB1-4278-B4D2-40912F3B1124}.Debug|x86.ActiveCfg = Debug|Any CPU
		{66342008-FEB1-4278-B4D2-40912F3B1124}.Debug|x86.Build.0 = Debug|Any CPU
		{66342008-FEB1-4278-B4D2-40912F3B1124}.Release|Any CPU.ActiveCfg = Release|Any CPU
		{66342008-FEB1-4278-B4D2-40912F3B1124}.Release|Any CPU.Build.0 = Release|Any CPU
		{66342008-FEB1-4278-B4D2-40912F3B1124}.Release|ARM.ActiveCfg = Release|Any CPU
		{66342008-FEB1-4278-B4D2-40912F3B1124}.Release|ARM.Build.0 = Release|Any CPU
		{66342008-FEB1-4278-B4D2-40912F3B1124}.Release|iPhone.ActiveCfg = Release|Any CPU
		{66342008-FEB1-4278-B4D2-40912F3B1124}.Release|iPhone.Build.0 = Release|Any CPU
		{66342008-FEB1-4278-B4D2-40912F3B1124}.Release|iPhoneSimulator.ActiveCfg = Release|Any CPU
		{66342008-FEB1-4278-B4D2-40912F3B1124}.Release|iPhoneSimulator.Build.0 = Release|Any CPU
		{66342008-FEB1-4278-B4D2-40912F3B1124}.Release|x64.ActiveCfg = Release|Any CPU
		{66342008-FEB1-4278-B4D2-40912F3B1124}.Release|x64.Build.0 = Release|Any CPU
		{66342008-FEB1-4278-B4D2-40912F3B1124}.Release|x86.ActiveCfg = Release|Any CPU
		{66342008-FEB1-4278-B4D2-40912F3B1124}.Release|x86.Build.0 = Release|Any CPU
		{00CC5B6C-5ABA-4E26-B69C-C37BCBE4878A}.Ad-Hoc|Any CPU.ActiveCfg = Release|Any CPU
		{00CC5B6C-5ABA-4E26-B69C-C37BCBE4878A}.Ad-Hoc|Any CPU.Build.0 = Release|Any CPU
		{00CC5B6C-5ABA-4E26-B69C-C37BCBE4878A}.Ad-Hoc|ARM.ActiveCfg = Release|ARM
		{00CC5B6C-5ABA-4E26-B69C-C37BCBE4878A}.Ad-Hoc|ARM.Build.0 = Release|ARM
		{00CC5B6C-5ABA-4E26-B69C-C37BCBE4878A}.Ad-Hoc|iPhone.ActiveCfg = Release|Any CPU
		{00CC5B6C-5ABA-4E26-B69C-C37BCBE4878A}.Ad-Hoc|iPhone.Build.0 = Release|Any CPU
		{00CC5B6C-5ABA-4E26-B69C-C37BCBE4878A}.Ad-Hoc|iPhoneSimulator.ActiveCfg = Release|Any CPU
		{00CC5B6C-5ABA-4E26-B69C-C37BCBE4878A}.Ad-Hoc|iPhoneSimulator.Build.0 = Release|Any CPU
		{00CC5B6C-5ABA-4E26-B69C-C37BCBE4878A}.Ad-Hoc|x64.ActiveCfg = Release|x64
		{00CC5B6C-5ABA-4E26-B69C-C37BCBE4878A}.Ad-Hoc|x64.Build.0 = Release|x64
		{00CC5B6C-5ABA-4E26-B69C-C37BCBE4878A}.Ad-Hoc|x86.ActiveCfg = Release|x86
		{00CC5B6C-5ABA-4E26-B69C-C37BCBE4878A}.Ad-Hoc|x86.Build.0 = Release|x86
		{00CC5B6C-5ABA-4E26-B69C-C37BCBE4878A}.AppStore|Any CPU.ActiveCfg = Release|Any CPU
		{00CC5B6C-5ABA-4E26-B69C-C37BCBE4878A}.AppStore|Any CPU.Build.0 = Release|Any CPU
		{00CC5B6C-5ABA-4E26-B69C-C37BCBE4878A}.AppStore|ARM.ActiveCfg = Release|ARM
		{00CC5B6C-5ABA-4E26-B69C-C37BCBE4878A}.AppStore|ARM.Build.0 = Release|ARM
		{00CC5B6C-5ABA-4E26-B69C-C37BCBE4878A}.AppStore|iPhone.ActiveCfg = Release|Any CPU
		{00CC5B6C-5ABA-4E26-B69C-C37BCBE4878A}.AppStore|iPhone.Build.0 = Release|Any CPU
		{00CC5B6C-5ABA-4E26-B69C-C37BCBE4878A}.AppStore|iPhoneSimulator.ActiveCfg = Release|Any CPU
		{00CC5B6C-5ABA-4E26-B69C-C37BCBE4878A}.AppStore|iPhoneSimulator.Build.0 = Release|Any CPU
		{00CC5B6C-5ABA-4E26-B69C-C37BCBE4878A}.AppStore|x64.ActiveCfg = Release|x64
		{00CC5B6C-5ABA-4E26-B69C-C37BCBE4878A}.AppStore|x64.Build.0 = Release|x64
		{00CC5B6C-5ABA-4E26-B69C-C37BCBE4878A}.AppStore|x86.ActiveCfg = Release|x86
		{00CC5B6C-5ABA-4E26-B69C-C37BCBE4878A}.AppStore|x86.Build.0 = Release|x86
		{00CC5B6C-5ABA-4E26-B69C-C37BCBE4878A}.Debug|Any CPU.ActiveCfg = Debug|Any CPU
		{00CC5B6C-5ABA-4E26-B69C-C37BCBE4878A}.Debug|Any CPU.Build.0 = Debug|Any CPU
		{00CC5B6C-5ABA-4E26-B69C-C37BCBE4878A}.Debug|ARM.ActiveCfg = Debug|ARM
		{00CC5B6C-5ABA-4E26-B69C-C37BCBE4878A}.Debug|ARM.Build.0 = Debug|ARM
		{00CC5B6C-5ABA-4E26-B69C-C37BCBE4878A}.Debug|iPhone.ActiveCfg = Debug|Any CPU
		{00CC5B6C-5ABA-4E26-B69C-C37BCBE4878A}.Debug|iPhone.Build.0 = Debug|Any CPU
		{00CC5B6C-5ABA-4E26-B69C-C37BCBE4878A}.Debug|iPhoneSimulator.ActiveCfg = Debug|Any CPU
		{00CC5B6C-5ABA-4E26-B69C-C37BCBE4878A}.Debug|iPhoneSimulator.Build.0 = Debug|Any CPU
		{00CC5B6C-5ABA-4E26-B69C-C37BCBE4878A}.Debug|x64.ActiveCfg = Debug|x64
		{00CC5B6C-5ABA-4E26-B69C-C37BCBE4878A}.Debug|x64.Build.0 = Debug|x64
		{00CC5B6C-5ABA-4E26-B69C-C37BCBE4878A}.Debug|x86.ActiveCfg = Debug|x86
		{00CC5B6C-5ABA-4E26-B69C-C37BCBE4878A}.Debug|x86.Build.0 = Debug|x86
		{00CC5B6C-5ABA-4E26-B69C-C37BCBE4878A}.Release|Any CPU.ActiveCfg = Release|Any CPU
		{00CC5B6C-5ABA-4E26-B69C-C37BCBE4878A}.Release|Any CPU.Build.0 = Release|Any CPU
		{00CC5B6C-5ABA-4E26-B69C-C37BCBE4878A}.Release|ARM.ActiveCfg = Release|ARM
		{00CC5B6C-5ABA-4E26-B69C-C37BCBE4878A}.Release|ARM.Build.0 = Release|ARM
		{00CC5B6C-5ABA-4E26-B69C-C37BCBE4878A}.Release|iPhone.ActiveCfg = Release|Any CPU
		{00CC5B6C-5ABA-4E26-B69C-C37BCBE4878A}.Release|iPhone.Build.0 = Release|Any CPU
		{00CC5B6C-5ABA-4E26-B69C-C37BCBE4878A}.Release|iPhoneSimulator.ActiveCfg = Release|Any CPU
		{00CC5B6C-5ABA-4E26-B69C-C37BCBE4878A}.Release|iPhoneSimulator.Build.0 = Release|Any CPU
		{00CC5B6C-5ABA-4E26-B69C-C37BCBE4878A}.Release|x64.ActiveCfg = Release|x64
		{00CC5B6C-5ABA-4E26-B69C-C37BCBE4878A}.Release|x64.Build.0 = Release|x64
		{00CC5B6C-5ABA-4E26-B69C-C37BCBE4878A}.Release|x86.ActiveCfg = Release|x86
		{00CC5B6C-5ABA-4E26-B69C-C37BCBE4878A}.Release|x86.Build.0 = Release|x86
	EndGlobalSection
	GlobalSection(SolutionProperties) = preSolution
		HideSolutionNode = FALSE
	EndGlobalSection
	GlobalSection(ExtensibilityGlobals) = postSolution
		SolutionGuid = {D83878D6-1040-4D70-9847-5F481E0538A4}
	EndGlobalSection
EndGlobal
